// !$*UTF8*$!
{
	archiveVersion = 1;
	classes = {
	};
	objectVersion = 77;
	objects = {

/* Begin PBXContainerItemProxy section */
		F2A2E7CE2DAF12AE00BF7F07 /* PBXContainerItemProxy */ = {
			isa = PBXContainerItemProxy;
			containerPortal = F2A2E7B52DAF12AB00BF7F07 /* Project object */;
			proxyType = 1;
			remoteGlobalIDString = F2A2E7BC2DAF12AB00BF7F07;
			remoteInfo = FetchRecipeApp;
		};
		F2A2E7D82DAF12AE00BF7F07 /* PBXContainerItemProxy */ = {
			isa = PBXContainerItemProxy;
			containerPortal = F2A2E7B52DAF12AB00BF7F07 /* Project object */;
			proxyType = 1;
			remoteGlobalIDString = F2A2E7BC2DAF12AB00BF7F07;
			remoteInfo = FetchRecipeApp;
		};
/* End PBXContainerItemProxy section */

/* Begin PBXFileReference section */
		F2A2E7BD2DAF12AB00BF7F07 /* FetchRecipeApp.app */ = {isa = PBXFileReference; explicitFileType = wrapper.application; includeInIndex = 0; path = FetchRecipeApp.app; sourceTree = BUILT_PRODUCTS_DIR; };
		F2A2E7CD2DAF12AE00BF7F07 /* FetchRecipeAppTests.xctest */ = {isa = PBXFileReference; explicitFileType = wrapper.cfbundle; includeInIndex = 0; path = FetchRecipeAppTests.xctest; sourceTree = BUILT_PRODUCTS_DIR; };
		F2A2E7D72DAF12AE00BF7F07 /* FetchRecipeAppUITests.xctest */ = {isa = PBXFileReference; explicitFileType = wrapper.cfbundle; includeInIndex = 0; path = FetchRecipeAppUITests.xctest; sourceTree = BUILT_PRODUCTS_DIR; };
/* End PBXFileReference section */

/* Begin PBXFileSystemSynchronizedBuildFileExceptionSet section */
		F2A2E8112DAF2EF100BF7F07 /* Exceptions for "FetchRecipeApp" folder in "FetchRecipeApp" target */ = {
			isa = PBXFileSystemSynchronizedBuildFileExceptionSet;
			membershipExceptions = (
				Tests/ImageCacheTests.swift,
				Tests/RecipeServiceTests.swift,
			);
			target = F2A2E7BC2DAF12AB00BF7F07 /* FetchRecipeApp */;
		};
		F2A2E8132DAF2F0200BF7F07 /* Exceptions for "FetchRecipeApp" folder in "FetchRecipeAppTests" target */ = {
			isa = PBXFileSystemSynchronizedBuildFileExceptionSet;
			membershipExceptions = (
				Tests/ImageCacheTests.swift,
				Tests/RecipeServiceTests.swift,
			);
			target = F2A2E7CC2DAF12AE00BF7F07 /* FetchRecipeAppTests */;
		};
/* End PBXFileSystemSynchronizedBuildFileExceptionSet section */

/* Begin PBXFileSystemSynchronizedRootGroup section */
		F2A2E7BF2DAF12AB00BF7F07 /* FetchRecipeApp */ = {
			isa = PBXFileSystemSynchronizedRootGroup;
			exceptions = (
				F2A2E8112DAF2EF100BF7F07 /* Exceptions for "FetchRecipeApp" folder in "FetchRecipeApp" target */,
				F2A2E8132DAF2F0200BF7F07 /* Exceptions for "FetchRecipeApp" folder in "FetchRecipeAppTests" target */,
			);
			path = FetchRecipeApp;
			sourceTree = "<group>";
		};
		F2A2E7D02DAF12AE00BF7F07 /* FetchRecipeAppTests */ = {
			isa = PBXFileSystemSynchronizedRootGroup;
			path = FetchRecipeAppTests;
			sourceTree = "<group>";
		};
		F2A2E7DA2DAF12AE00BF7F07 /* FetchRecipeAppUITests */ = {
			isa = PBXFileSystemSynchronizedRootGroup;
			path = FetchRecipeAppUITests;
			sourceTree = "<group>";
		};
/* End PBXFileSystemSynchronizedRootGroup section */

/* Begin PBXFrameworksBuildPhase section */
		F2A2E7BA2DAF12AB00BF7F07 /* Frameworks */ = {
			isa = PBXFrameworksBuildPhase;
			buildActionMask = 2147483647;
			files = (
			);
			runOnlyForDeploymentPostprocessing = 0;
		};
		F2A2E7CA2DAF12AE00BF7F07 /* Frameworks */ = {
			isa = PBXFrameworksBuildPhase;
			buildActionMask = 2147483647;
			files = (
			);
			runOnlyForDeploymentPostprocessing = 0;
		};
		F2A2E7D42DAF12AE00BF7F07 /* Frameworks */ = {
			isa = PBXFrameworksBuildPhase;
			buildActionMask = 2147483647;
			files = (
			);
			runOnlyForDeploymentPostprocessing = 0;
		};
/* End PBXFrameworksBuildPhase section */

/* Begin PBXGroup section */
		F2A2E7B42DAF12AB00BF7F07 = {
			isa = PBXGroup;
			children = (
				F2A2E7BF2DAF12AB00BF7F07 /* FetchRecipeApp */,
				F2A2E7D02DAF12AE00BF7F07 /* FetchRecipeAppTests */,
				F2A2E7DA2DAF12AE00BF7F07 /* FetchRecipeAppUITests */,
				F2A2E7BE2DAF12AB00BF7F07 /* Products */,
			);
			sourceTree = "<group>";
		};
		F2A2E7BE2DAF12AB00BF7F07 /* Products */ = {
			isa = PBXGroup;
			children = (
				F2A2E7BD2DAF12AB00BF7F07 /* FetchRecipeApp.app */,
				F2A2E7CD2DAF12AE00BF7F07 /* FetchRecipeAppTests.xctest */,
				F2A2E7D72DAF12AE00BF7F07 /* FetchRecipeAppUITests.xctest */,
			);
			name = Products;
			sourceTree = "<group>";
		};
/* End PBXGroup section */

/* Begin PBXNativeTarget section */
		F2A2E7BC2DAF12AB00BF7F07 /* FetchRecipeApp */ = {
			isa = PBXNativeTarget;
			buildConfigurationList = F2A2E7E12DAF12AE00BF7F07 /* Build configuration list for PBXNativeTarget "FetchRecipeApp" */;
			buildPhases = (
				F2A2E7B92DAF12AB00BF7F07 /* Sources */,
				F2A2E7BA2DAF12AB00BF7F07 /* Frameworks */,
				F2A2E7BB2DAF12AB00BF7F07 /* Resources */,
			);
			buildRules = (
			);
			dependencies = (
			);
			fileSystemSynchronizedGroups = (
				F2A2E7BF2DAF12AB00BF7F07 /* FetchRecipeApp */,
			);
			name = FetchRecipeApp;
			packageProductDependencies = (
			);
			productName = FetchRecipeApp;
			productReference = F2A2E7BD2DAF12AB00BF7F07 /* FetchRecipeApp.app */;
			productType = "com.apple.product-type.application";
		};
		F2A2E7CC2DAF12AE00BF7F07 /* FetchRecipeAppTests */ = {
			isa = PBXNativeTarget;
			buildConfigurationList = F2A2E7E42DAF12AE00BF7F07 /* Build configuration list for PBXNativeTarget "FetchRecipeAppTests" */;
			buildPhases = (
				F2A2E7C92DAF12AE00BF7F07 /* Sources */,
				F2A2E7CA2DAF12AE00BF7F07 /* Frameworks */,
				F2A2E7CB2DAF12AE00BF7F07 /* Resources */,
			);
			buildRules = (
			);
			dependencies = (
				F2A2E7CF2DAF12AE00BF7F07 /* PBXTargetDependency */,
			);
			fileSystemSynchronizedGroups = (
				F2A2E7D02DAF12AE00BF7F07 /* FetchRecipeAppTests */,
			);
			name = FetchRecipeAppTests;
			packageProductDependencies = (
			);
			productName = FetchRecipeAppTests;
			productReference = F2A2E7CD2DAF12AE00BF7F07 /* FetchRecipeAppTests.xctest */;
			productType = "com.apple.product-type.bundle.unit-test";
		};
		F2A2E7D62DAF12AE00BF7F07 /* FetchRecipeAppUITests */ = {
			isa = PBXNativeTarget;
			buildConfigurationList = F2A2E7E72DAF12AE00BF7F07 /* Build configuration list for PBXNativeTarget "FetchRecipeAppUITests" */;
			buildPhases = (
				F2A2E7D32DAF12AE00BF7F07 /* Sources */,
				F2A2E7D42DAF12AE00BF7F07 /* Frameworks */,
				F2A2E7D52DAF12AE00BF7F07 /* Resources */,
			);
			buildRules = (
			);
			dependencies = (
				F2A2E7D92DAF12AE00BF7F07 /* PBXTargetDependency */,
			);
			fileSystemSynchronizedGroups = (
				F2A2E7DA2DAF12AE00BF7F07 /* FetchRecipeAppUITests */,
			);
			name = FetchRecipeAppUITests;
			packageProductDependencies = (
			);
			productName = FetchRecipeAppUITests;
			productReference = F2A2E7D72DAF12AE00BF7F07 /* FetchRecipeAppUITests.xctest */;
			productType = "com.apple.product-type.bundle.ui-testing";
		};
/* End PBXNativeTarget section */

/* Begin PBXProject section */
		F2A2E7B52DAF12AB00BF7F07 /* Project object */ = {
			isa = PBXProject;
			attributes = {
				BuildIndependentTargetsInParallel = 1;
				LastSwiftUpdateCheck = 1620;
				LastUpgradeCheck = 1620;
				TargetAttributes = {
					F2A2E7BC2DAF12AB00BF7F07 = {
						CreatedOnToolsVersion = 16.2;
					};
					F2A2E7CC2DAF12AE00BF7F07 = {
						CreatedOnToolsVersion = 16.2;
						TestTargetID = F2A2E7BC2DAF12AB00BF7F07;
					};
					F2A2E7D62DAF12AE00BF7F07 = {
						CreatedOnToolsVersion = 16.2;
						TestTargetID = F2A2E7BC2DAF12AB00BF7F07;
					};
				};
			};
			buildConfigurationList = F2A2E7B82DAF12AB00BF7F07 /* Build configuration list for PBXProject "FetchRecipeApp" */;
			developmentRegion = en;
			hasScannedForEncodings = 0;
			knownRegions = (
				en,
				Base,
			);
			mainGroup = F2A2E7B42DAF12AB00BF7F07;
			minimizedProjectReferenceProxies = 1;
			preferredProjectObjectVersion = 77;
			productRefGroup = F2A2E7BE2DAF12AB00BF7F07 /* Products */;
			projectDirPath = "";
			projectRoot = "";
			targets = (
				F2A2E7BC2DAF12AB00BF7F07 /* FetchRecipeApp */,
				F2A2E7CC2DAF12AE00BF7F07 /* FetchRecipeAppTests */,
				F2A2E7D62DAF12AE00BF7F07 /* FetchRecipeAppUITests */,
			);
		};
/* End PBXProject section */

/* Begin PBXResourcesBuildPhase section */
		F2A2E7BB2DAF12AB00BF7F07 /* Resources */ = {
			isa = PBXResourcesBuildPhase;
			buildActionMask = 2147483647;
			files = (
			);
			runOnlyForDeploymentPostprocessing = 0;
		};
		F2A2E7CB2DAF12AE00BF7F07 /* Resources */ = {
			isa = PBXResourcesBuildPhase;
			buildActionMask = 2147483647;
			files = (
			);
			runOnlyForDeploymentPostprocessing = 0;
		};
		F2A2E7D52DAF12AE00BF7F07 /* Resources */ = {
			isa = PBXResourcesBuildPhase;
			buildActionMask = 2147483647;
			files = (
			);
			runOnlyForDeploymentPostprocessing = 0;
		};
/* End PBXResourcesBuildPhase section */

/* Begin PBXSourcesBuildPhase section */
		F2A2E7B92DAF12AB00BF7F07 /* Sources */ = {
			isa = PBXSourcesBuildPhase;
			buildActionMask = 2147483647;
			files = (
			);
			runOnlyForDeploymentPostprocessing = 0;
		};
		F2A2E7C92DAF12AE00BF7F07 /* Sources */ = {
			isa = PBXSourcesBuildPhase;
			buildActionMask = 2147483647;
			files = (
			);
			runOnlyForDeploymentPostprocessing = 0;
		};
		F2A2E7D32DAF12AE00BF7F07 /* Sources */ = {
			isa = PBXSourcesBuildPhase;
			buildActionMask = 2147483647;
			files = (
			);
			runOnlyForDeploymentPostprocessing = 0;
		};
/* End PBXSourcesBuildPhase section */

/* Begin PBXTargetDependency section */
		F2A2E7CF2DAF12AE00BF7F07 /* PBXTargetDependency */ = {
			isa = PBXTargetDependency;
			target = F2A2E7BC2DAF12AB00BF7F07 /* FetchRecipeApp */;
			targetProxy = F2A2E7CE2DAF12AE00BF7F07 /* PBXContainerItemProxy */;
		};
		F2A2E7D92DAF12AE00BF7F07 /* PBXTargetDependency */ = {
			isa = PBXTargetDependency;
			target = F2A2E7BC2DAF12AB00BF7F07 /* FetchRecipeApp */;
			targetProxy = F2A2E7D82DAF12AE00BF7F07 /* PBXContainerItemProxy */;
		};
/* End PBXTargetDependency section */

/* Begin XCBuildConfiguration section */
		F2A2E7DF2DAF12AE00BF7F07 /* Debug */ = {
			isa = XCBuildConfiguration;
			buildSettings = {
				ALWAYS_SEARCH_USER_PATHS = NO;
				ASSETCATALOG_COMPILER_GENERATE_SWIFT_ASSET_SYMBOL_EXTENSIONS = YES;
				CLANG_ANALYZER_NONNULL = YES;
				CLANG_ANALYZER_NUMBER_OBJECT_CONVERSION = YES_AGGRESSIVE;
				CLANG_CXX_LANGUAGE_STANDARD = "gnu++20";
				CLANG_ENABLE_MODULES = YES;
				CLANG_ENABLE_OBJC_ARC = YES;
				CLANG_ENABLE_OBJC_WEAK = YES;
				CLANG_WARN_BLOCK_CAPTURE_AUTORELEASING = YES;
				CLANG_WARN_BOOL_CONVERSION = YES;
				CLANG_WARN_COMMA = YES;
				CLANG_WARN_CONSTANT_CONVERSION = YES;
				CLANG_WARN_DEPRECATED_OBJC_IMPLEMENTATIONS = YES;
				CLANG_WARN_DIRECT_OBJC_ISA_USAGE = YES_ERROR;
				CLANG_WARN_DOCUMENTATION_COMMENTS = YES;
				CLANG_WARN_EMPTY_BODY = YES;
				CLANG_WARN_ENUM_CONVERSION = YES;
				CLANG_WARN_INFINITE_RECURSION = YES;
				CLANG_WARN_INT_CONVERSION = YES;
				CLANG_WARN_NON_LITERAL_NULL_CONVERSION = YES;
				CLANG_WARN_OBJC_IMPLICIT_RETAIN_SELF = YES;
				CLANG_WARN_OBJC_LITERAL_CONVERSION = YES;
				CLANG_WARN_OBJC_ROOT_CLASS = YES_ERROR;
				CLANG_WARN_QUOTED_INCLUDE_IN_FRAMEWORK_HEADER = YES;
				CLANG_WARN_RANGE_LOOP_ANALYSIS = YES;
				CLANG_WARN_STRICT_PROTOTYPES = YES;
				CLANG_WARN_SUSPICIOUS_MOVE = YES;
				CLANG_WARN_UNGUARDED_AVAILABILITY = YES_AGGRESSIVE;
				CLANG_WARN_UNREACHABLE_CODE = YES;
				CLANG_WARN__DUPLICATE_METHOD_MATCH = YES;
				COPY_PHASE_STRIP = NO;
				DEBUG_INFORMATION_FORMAT = dwarf;
				ENABLE_STRICT_OBJC_MSGSEND = YES;
				ENABLE_TESTABILITY = YES;
				ENABLE_USER_SCRIPT_SANDBOXING = YES;
				GCC_C_LANGUAGE_STANDARD = gnu17;
				GCC_DYNAMIC_NO_PIC = NO;
				GCC_NO_COMMON_BLOCKS = YES;
				GCC_OPTIMIZATION_LEVEL = 0;
				GCC_PREPROCESSOR_DEFINITIONS = (
					"DEBUG=1",
					"$(inherited)",
				);
				GCC_WARN_64_TO_32_BIT_CONVERSION = YES;
				GCC_WARN_ABOUT_RETURN_TYPE = YES_ERROR;
				GCC_WARN_UNDECLARED_SELECTOR = YES;
				GCC_WARN_UNINITIALIZED_AUTOS = YES_AGGRESSIVE;
				GCC_WARN_UNUSED_FUNCTION = YES;
				GCC_WARN_UNUSED_VARIABLE = YES;
				IPHONEOS_DEPLOYMENT_TARGET = 18.2;
				LOCALIZATION_PREFERS_STRING_CATALOGS = YES;
				MTL_ENABLE_DEBUG_INFO = INCLUDE_SOURCE;
				MTL_FAST_MATH = YES;
				ONLY_ACTIVE_ARCH = YES;
				SDKROOT = iphoneos;
				SWIFT_ACTIVE_COMPILATION_CONDITIONS = "DEBUG $(inherited)";
				SWIFT_OPTIMIZATION_LEVEL = "-Onone";
			};
			name = Debug;
		};
		F2A2E7E02DAF12AE00BF7F07 /* Release */ = {
			isa = XCBuildConfiguration;
			buildSettings = {
				ALWAYS_SEARCH_USER_PATHS = NO;
				ASSETCATALOG_COMPILER_GENERATE_SWIFT_ASSET_SYMBOL_EXTENSIONS = YES;
				CLANG_ANALYZER_NONNULL = YES;
				CLANG_ANALYZER_NUMBER_OBJECT_CONVERSION = YES_AGGRESSIVE;
				CLANG_CXX_LANGUAGE_STANDARD = "gnu++20";
				CLANG_ENABLE_MODULES = YES;
				CLANG_ENABLE_OBJC_ARC = YES;
				CLANG_ENABLE_OBJC_WEAK = YES;
				CLANG_WARN_BLOCK_CAPTURE_AUTORELEASING = YES;
				CLANG_WARN_BOOL_CONVERSION = YES;
				CLANG_WARN_COMMA = YES;
				CLANG_WARN_CONSTANT_CONVERSION = YES;
				CLANG_WARN_DEPRECATED_OBJC_IMPLEMENTATIONS = YES;
				CLANG_WARN_DIRECT_OBJC_ISA_USAGE = YES_ERROR;
				CLANG_WARN_DOCUMENTATION_COMMENTS = YES;
				CLANG_WARN_EMPTY_BODY = YES;
				CLANG_WARN_ENUM_CONVERSION = YES;
				CLANG_WARN_INFINITE_RECURSION = YES;
				CLANG_WARN_INT_CONVERSION = YES;
				CLANG_WARN_NON_LITERAL_NULL_CONVERSION = YES;
				CLANG_WARN_OBJC_IMPLICIT_RETAIN_SELF = YES;
				CLANG_WARN_OBJC_LITERAL_CONVERSION = YES;
				CLANG_WARN_OBJC_ROOT_CLASS = YES_ERROR;
				CLANG_WARN_QUOTED_INCLUDE_IN_FRAMEWORK_HEADER = YES;
				CLANG_WARN_RANGE_LOOP_ANALYSIS = YES;
				CLANG_WARN_STRICT_PROTOTYPES = YES;
				CLANG_WARN_SUSPICIOUS_MOVE = YES;
				CLANG_WARN_UNGUARDED_AVAILABILITY = YES_AGGRESSIVE;
				CLANG_WARN_UNREACHABLE_CODE = YES;
				CLANG_WARN__DUPLICATE_METHOD_MATCH = YES;
				COPY_PHASE_STRIP = NO;
				DEBUG_INFORMATION_FORMAT = "dwarf-with-dsym";
				ENABLE_NS_ASSERTIONS = NO;
				ENABLE_STRICT_OBJC_MSGSEND = YES;
				ENABLE_USER_SCRIPT_SANDBOXING = YES;
				GCC_C_LANGUAGE_STANDARD = gnu17;
				GCC_NO_COMMON_BLOCKS = YES;
				GCC_WARN_64_TO_32_BIT_CONVERSION = YES;
				GCC_WARN_ABOUT_RETURN_TYPE = YES_ERROR;
				GCC_WARN_UNDECLARED_SELECTOR = YES;
				GCC_WARN_UNINITIALIZED_AUTOS = YES_AGGRESSIVE;
				GCC_WARN_UNUSED_FUNCTION = YES;
				GCC_WARN_UNUSED_VARIABLE = YES;
				IPHONEOS_DEPLOYMENT_TARGET = 18.2;
				LOCALIZATION_PREFERS_STRING_CATALOGS = YES;
				MTL_ENABLE_DEBUG_INFO = NO;
				MTL_FAST_MATH = YES;
				SDKROOT = iphoneos;
				SWIFT_COMPILATION_MODE = wholemodule;
				VALIDATE_PRODUCT = YES;
			};
			name = Release;
		};
		F2A2E7E22DAF12AE00BF7F07 /* Debug */ = {
			isa = XCBuildConfiguration;
			buildSettings = {
				ASSETCATALOG_COMPILER_APPICON_NAME = AppIcon;
				ASSETCATALOG_COMPILER_GLOBAL_ACCENT_COLOR_NAME = AccentColor;
				CODE_SIGN_STYLE = Automatic;
				CURRENT_PROJECT_VERSION = 1;
				DEVELOPMENT_ASSET_PATHS = "\"FetchRecipeApp/Preview Content\"";
				ENABLE_PREVIEWS = YES;
				GENERATE_INFOPLIST_FILE = YES;
				INFOPLIST_KEY_UIApplicationSceneManifest_Generation = YES;
				INFOPLIST_KEY_UIApplicationSupportsIndirectInputEvents = YES;
				INFOPLIST_KEY_UILaunchScreen_Generation = YES;
				INFOPLIST_KEY_UISupportedInterfaceOrientations_iPad = "UIInterfaceOrientationPortrait UIInterfaceOrientationPortraitUpsideDown UIInterfaceOrientationLandscapeLeft UIInterfaceOrientationLandscapeRight";
				INFOPLIST_KEY_UISupportedInterfaceOrientations_iPhone = "UIInterfaceOrientationPortrait UIInterfaceOrientationLandscapeLeft UIInterfaceOrientationLandscapeRight";
				LD_RUNPATH_SEARCH_PATHS = (
					"$(inherited)",
					"@executable_path/Frameworks",
				);
				MARKETING_VERSION = 1.0;
				PRODUCT_BUNDLE_IDENTIFIER = com.MebAssistant.FetchRecipeApp;
				PRODUCT_NAME = "$(TARGET_NAME)";
				SWIFT_EMIT_LOC_STRINGS = YES;
				SWIFT_VERSION = 5.0;
				TARGETED_DEVICE_FAMILY = "1,2";
			};
			name = Debug;
		};
		F2A2E7E32DAF12AE00BF7F07 /* Release */ = {
			isa = XCBuildConfiguration;
			buildSettings = {
				ASSETCATALOG_COMPILER_APPICON_NAME = AppIcon;
				ASSETCATALOG_COMPILER_GLOBAL_ACCENT_COLOR_NAME = AccentColor;
				CODE_SIGN_STYLE = Automatic;
				CURRENT_PROJECT_VERSION = 1;
				DEVELOPMENT_ASSET_PATHS = "\"FetchRecipeApp/Preview Content\"";
				ENABLE_PREVIEWS = YES;
				GENERATE_INFOPLIST_FILE = YES;
				INFOPLIST_KEY_UIApplicationSceneManifest_Generation = YES;
				INFOPLIST_KEY_UIApplicationSupportsIndirectInputEvents = YES;
				INFOPLIST_KEY_UILaunchScreen_Generation = YES;
				INFOPLIST_KEY_UISupportedInterfaceOrientations_iPad = "UIInterfaceOrientationPortrait UIInterfaceOrientationPortraitUpsideDown UIInterfaceOrientationLandscapeLeft UIInterfaceOrientationLandscapeRight";
				INFOPLIST_KEY_UISupportedInterfaceOrientations_iPhone = "UIInterfaceOrientationPortrait UIInterfaceOrientationLandscapeLeft UIInterfaceOrientationLandscapeRight";
				LD_RUNPATH_SEARCH_PATHS = (
					"$(inherited)",
					"@executable_path/Frameworks",
				);
				MARKETING_VERSION = 1.0;
				PRODUCT_BUNDLE_IDENTIFIER = com.MebAssistant.FetchRecipeApp;
				PRODUCT_NAME = "$(TARGET_NAME)";
				SWIFT_EMIT_LOC_STRINGS = YES;
				SWIFT_VERSION = 5.0;
				TARGETED_DEVICE_FAMILY = "1,2";
			};
			name = Release;
		};
		F2A2E7E52DAF12AE00BF7F07 /* Debug */ = {
			isa = XCBuildConfiguration;
			buildSettings = {
				BUNDLE_LOADER = "$(TEST_HOST)";
				CODE_SIGN_STYLE = Automatic;
				CURRENT_PROJECT_VERSION = 1;
				GENERATE_INFOPLIST_FILE = YES;
				IPHONEOS_DEPLOYMENT_TARGET = 18.2;
				MARKETING_VERSION = 1.0;
				PRODUCT_BUNDLE_IDENTIFIER = com.MebAssistant.FetchRecipeAppTests;
				PRODUCT_NAME = "$(TARGET_NAME)";
				SWIFT_EMIT_LOC_STRINGS = NO;
				SWIFT_VERSION = 5.0;
				TARGETED_DEVICE_FAMILY = "1,2";
				TEST_HOST = "$(BUILT_PRODUCTS_DIR)/FetchRecipeApp.app/$(BUNDLE_EXECUTABLE_FOLDER_PATH)/FetchRecipeApp";
			};
			name = Debug;
		};
		F2A2E7E62DAF12AE00BF7F07 /* Release */ = {
			isa = XCBuildConfiguration;
			buildSettings = {
				BUNDLE_LOADER = "$(TEST_HOST)";
				CODE_SIGN_STYLE = Automatic;
				CURRENT_PROJECT_VERSION = 1;
				GENERATE_INFOPLIST_FILE = YES;
				IPHONEOS_DEPLOYMENT_TARGET = 18.2;
				MARKETING_VERSION = 1.0;
				PRODUCT_BUNDLE_IDENTIFIER = com.MebAssistant.FetchRecipeAppTests;
				PRODUCT_NAME = "$(TARGET_NAME)";
				SWIFT_EMIT_LOC_STRINGS = NO;
				SWIFT_VERSION = 5.0;
				TARGETED_DEVICE_FAMILY = "1,2";
				TEST_HOST = "$(BUILT_PRODUCTS_DIR)/FetchRecipeApp.app/$(BUNDLE_EXECUTABLE_FOLDER_PATH)/FetchRecipeApp";
			};
			name = Release;
		};
		F2A2E7E82DAF12AE00BF7F07 /* Debug */ = {
			isa = XCBuildConfiguration;
			buildSettings = {
				CODE_SIGN_STYLE = Automatic;
				CURRENT_PROJECT_VERSION = 1;
				GENERATE_INFOPLIST_FILE = YES;
				MARKETING_VERSION = 1.0;
				PRODUCT_BUNDLE_IDENTIFIER = com.MebAssistant.FetchRecipeAppUITests;
				PRODUCT_NAME = "$(TARGET_NAME)";
				SWIFT_EMIT_LOC_STRINGS = NO;
				SWIFT_VERSION = 5.0;
				TARGETED_DEVICE_FAMILY = "1,2";
				TEST_TARGET_NAME = FetchRecipeApp;
			};
			name = Debug;
		};
		F2A2E7E92DAF12AE00BF7F07 /* Release */ = {
			isa = XCBuildConfiguration;
			buildSettings = {
				CODE_SIGN_STYLE = Automatic;
				CURRENT_PROJECT_VERSION = 1;
				GENERATE_INFOPLIST_FILE = YES;
				MARKETING_VERSION = 1.0;
				PRODUCT_BUNDLE_IDENTIFIER = com.MebAssistant.FetchRecipeAppUITests;
				PRODUCT_NAME = "$(TARGET_NAME)";
				SWIFT_EMIT_LOC_STRINGS = NO;
				SWIFT_VERSION = 5.0;
				TARGETED_DEVICE_FAMILY = "1,2";
				TEST_TARGET_NAME = FetchRecipeApp;
			};
			name = Release;
		};
/* End XCBuildConfiguration section */

/* Begin XCConfigurationList section */
		F2A2E7B82DAF12AB00BF7F07 /* Build configuration list for PBXProject "FetchRecipeApp" */ = {
			isa = XCConfigurationList;
			buildConfigurations = (
				F2A2E7DF2DAF12AE00BF7F07 /* Debug */,
				F2A2E7E02DAF12AE00BF7F07 /* Release */,
			);
			defaultConfigurationIsVisible = 0;
			defaultConfigurationName = Release;
		};
		F2A2E7E12DAF12AE00BF7F07 /* Build configuration list for PBXNativeTarget "FetchRecipeApp" */ = {
			isa = XCConfigurationList;
			buildConfigurations = (
				F2A2E7E22DAF12AE00BF7F07 /* Debug */,
				F2A2E7E32DAF12AE00BF7F07 /* Release */,
			);
			defaultConfigurationIsVisible = 0;
			defaultConfigurationName = Release;
		};
		F2A2E7E42DAF12AE00BF7F07 /* Build configuration list for PBXNativeTarget "FetchRecipeAppTests" */ = {
			isa = XCConfigurationList;
			buildConfigurations = (
				F2A2E7E52DAF12AE00BF7F07 /* Debug */,
				F2A2E7E62DAF12AE00BF7F07 /* Release */,
			);
			defaultConfigurationIsVisible = 0;
			defaultConfigurationName = Release;
		};
		F2A2E7E72DAF12AE00BF7F07 /* Build configuration list for PBXNativeTarget "FetchRecipeAppUITests" */ = {
			isa = XCConfigurationList;
			buildConfigurations = (
				F2A2E7E82DAF12AE00BF7F07 /* Debug */,
				F2A2E7E92DAF12AE00BF7F07 /* Release */,
			);
			defaultConfigurationIsVisible = 0;
			defaultConfigurationName = Release;
		};
/* End XCConfigurationList section */
	};
	rootObject = F2A2E7B52DAF12AB00BF7F07 /* Project object */;
}
